// !$*UTF8*$!
{
	archiveVersion = 1;
	classes = {
	};
	objectVersion = 55;
	objects = {

/* Begin PBXBuildFile section */
		5011CB50285A5DDE00F1A6B8 /* Examen_TecnicoApp.swift in Sources */ = {isa = PBXBuildFile; fileRef = 5011CB4F285A5DDE00F1A6B8 /* Examen_TecnicoApp.swift */; };
		5011CB52285A5DDE00F1A6B8 /* ContentView.swift in Sources */ = {isa = PBXBuildFile; fileRef = 5011CB51285A5DDE00F1A6B8 /* ContentView.swift */; };
		5011CB54285A5DE000F1A6B8 /* Assets.xcassets in Resources */ = {isa = PBXBuildFile; fileRef = 5011CB53285A5DE000F1A6B8 /* Assets.xcassets */; };
		5011CB57285A5DE000F1A6B8 /* Preview Assets.xcassets in Resources */ = {isa = PBXBuildFile; fileRef = 5011CB56285A5DE000F1A6B8 /* Preview Assets.xcassets */; };
		5011CB61285A5DE000F1A6B8 /* Examen_TecnicoTests.swift in Sources */ = {isa = PBXBuildFile; fileRef = 5011CB60285A5DE000F1A6B8 /* Examen_TecnicoTests.swift */; };
		5011CB6B285A5DE000F1A6B8 /* Examen_TecnicoUITests.swift in Sources */ = {isa = PBXBuildFile; fileRef = 5011CB6A285A5DE000F1A6B8 /* Examen_TecnicoUITests.swift */; };
		5011CB6D285A5DE000F1A6B8 /* Examen_TecnicoUITestsLaunchTests.swift in Sources */ = {isa = PBXBuildFile; fileRef = 5011CB6C285A5DE000F1A6B8 /* Examen_TecnicoUITestsLaunchTests.swift */; };
		5011CB7C285A5E4C00F1A6B8 /* Login.swift in Sources */ = {isa = PBXBuildFile; fileRef = 5011CB7B285A5E4C00F1A6B8 /* Login.swift */; };
		5011CB7E285A60EA00F1A6B8 /* VMUser.swift in Sources */ = {isa = PBXBuildFile; fileRef = 5011CB7D285A60EA00F1A6B8 /* VMUser.swift */; };
		5011CB80285A650000F1A6B8 /* Home.swift in Sources */ = {isa = PBXBuildFile; fileRef = 5011CB7F285A650000F1A6B8 /* Home.swift */; };
		5011CB83285A8EEC00F1A6B8 /* Settings.swift in Sources */ = {isa = PBXBuildFile; fileRef = 5011CB82285A8EEC00F1A6B8 /* Settings.swift */; };
		5011CB85285A941D00F1A6B8 /* AlertLogin.swift in Sources */ = {isa = PBXBuildFile; fileRef = 5011CB84285A941D00F1A6B8 /* AlertLogin.swift */; };
		5011CB88285A9E7000F1A6B8 /* VMGeneric.swift in Sources */ = {isa = PBXBuildFile; fileRef = 5011CB87285A9E7000F1A6B8 /* VMGeneric.swift */; };
		5011CB8B285AA2A100F1A6B8 /* UINavigation.swift in Sources */ = {isa = PBXBuildFile; fileRef = 5011CB8A285AA2A100F1A6B8 /* UINavigation.swift */; };
		5011CB8E285BBD9600F1A6B8 /* CardMovie.swift in Sources */ = {isa = PBXBuildFile; fileRef = 5011CB8D285BBD9600F1A6B8 /* CardMovie.swift */; };
		5011CB93285BC16700F1A6B8 /* Movies.swift in Sources */ = {isa = PBXBuildFile; fileRef = 5011CB92285BC16700F1A6B8 /* Movies.swift */; };
		5011CB95285BC42800F1A6B8 /* VMMovies.swift in Sources */ = {isa = PBXBuildFile; fileRef = 5011CB94285BC42800F1A6B8 /* VMMovies.swift */; };
		5011CB97285BED1900F1A6B8 /* MovieDetail.swift in Sources */ = {isa = PBXBuildFile; fileRef = 5011CB96285BED1900F1A6B8 /* MovieDetail.swift */; };
		5011CB99285D1E5C00F1A6B8 /* WebView.swift in Sources */ = {isa = PBXBuildFile; fileRef = 5011CB98285D1E5C00F1A6B8 /* WebView.swift */; };
		5011CB9B285D26AF00F1A6B8 /* Loading.swift in Sources */ = {isa = PBXBuildFile; fileRef = 5011CB9A285D26AF00F1A6B8 /* Loading.swift */; };
/* End PBXBuildFile section */

/* Begin PBXContainerItemProxy section */
		5011CB5D285A5DE000F1A6B8 /* PBXContainerItemProxy */ = {
			isa = PBXContainerItemProxy;
			containerPortal = 5011CB44285A5DDE00F1A6B8 /* Project object */;
			proxyType = 1;
			remoteGlobalIDString = 5011CB4B285A5DDE00F1A6B8;
			remoteInfo = "Examen Tecnico";
		};
		5011CB67285A5DE000F1A6B8 /* PBXContainerItemProxy */ = {
			isa = PBXContainerItemProxy;
			containerPortal = 5011CB44285A5DDE00F1A6B8 /* Project object */;
			proxyType = 1;
			remoteGlobalIDString = 5011CB4B285A5DDE00F1A6B8;
			remoteInfo = "Examen Tecnico";
		};
/* End PBXContainerItemProxy section */

/* Begin PBXFileReference section */
		5011CB4C285A5DDE00F1A6B8 /* Examen Tecnico.app */ = {isa = PBXFileReference; explicitFileType = wrapper.application; includeInIndex = 0; path = "Examen Tecnico.app"; sourceTree = BUILT_PRODUCTS_DIR; };
		5011CB4F285A5DDE00F1A6B8 /* Examen_TecnicoApp.swift */ = {isa = PBXFileReference; lastKnownFileType = sourcecode.swift; path = Examen_TecnicoApp.swift; sourceTree = "<group>"; };
		5011CB51285A5DDE00F1A6B8 /* ContentView.swift */ = {isa = PBXFileReference; lastKnownFileType = sourcecode.swift; path = ContentView.swift; sourceTree = "<group>"; };
		5011CB53285A5DE000F1A6B8 /* Assets.xcassets */ = {isa = PBXFileReference; lastKnownFileType = folder.assetcatalog; path = Assets.xcassets; sourceTree = "<group>"; };
		5011CB56285A5DE000F1A6B8 /* Preview Assets.xcassets */ = {isa = PBXFileReference; lastKnownFileType = folder.assetcatalog; path = "Preview Assets.xcassets"; sourceTree = "<group>"; };
		5011CB5C285A5DE000F1A6B8 /* Examen TecnicoTests.xctest */ = {isa = PBXFileReference; explicitFileType = wrapper.cfbundle; includeInIndex = 0; path = "Examen TecnicoTests.xctest"; sourceTree = BUILT_PRODUCTS_DIR; };
		5011CB60285A5DE000F1A6B8 /* Examen_TecnicoTests.swift */ = {isa = PBXFileReference; lastKnownFileType = sourcecode.swift; path = Examen_TecnicoTests.swift; sourceTree = "<group>"; };
		5011CB66285A5DE000F1A6B8 /* Examen TecnicoUITests.xctest */ = {isa = PBXFileReference; explicitFileType = wrapper.cfbundle; includeInIndex = 0; path = "Examen TecnicoUITests.xctest"; sourceTree = BUILT_PRODUCTS_DIR; };
		5011CB6A285A5DE000F1A6B8 /* Examen_TecnicoUITests.swift */ = {isa = PBXFileReference; lastKnownFileType = sourcecode.swift; path = Examen_TecnicoUITests.swift; sourceTree = "<group>"; };
		5011CB6C285A5DE000F1A6B8 /* Examen_TecnicoUITestsLaunchTests.swift */ = {isa = PBXFileReference; lastKnownFileType = sourcecode.swift; path = Examen_TecnicoUITestsLaunchTests.swift; sourceTree = "<group>"; };
		5011CB7B285A5E4C00F1A6B8 /* Login.swift */ = {isa = PBXFileReference; lastKnownFileType = sourcecode.swift; path = Login.swift; sourceTree = "<group>"; };
		5011CB7D285A60EA00F1A6B8 /* VMUser.swift */ = {isa = PBXFileReference; lastKnownFileType = sourcecode.swift; path = VMUser.swift; sourceTree = "<group>"; };
		5011CB7F285A650000F1A6B8 /* Home.swift */ = {isa = PBXFileReference; lastKnownFileType = sourcecode.swift; path = Home.swift; sourceTree = "<group>"; };
		5011CB82285A8EEC00F1A6B8 /* Settings.swift */ = {isa = PBXFileReference; lastKnownFileType = sourcecode.swift; path = Settings.swift; sourceTree = "<group>"; };
		5011CB84285A941D00F1A6B8 /* AlertLogin.swift */ = {isa = PBXFileReference; lastKnownFileType = sourcecode.swift; path = AlertLogin.swift; sourceTree = "<group>"; };
		5011CB87285A9E7000F1A6B8 /* VMGeneric.swift */ = {isa = PBXFileReference; lastKnownFileType = sourcecode.swift; path = VMGeneric.swift; sourceTree = "<group>"; };
		5011CB8A285AA2A100F1A6B8 /* UINavigation.swift */ = {isa = PBXFileReference; lastKnownFileType = sourcecode.swift; path = UINavigation.swift; sourceTree = "<group>"; };
		5011CB8D285BBD9600F1A6B8 /* CardMovie.swift */ = {isa = PBXFileReference; lastKnownFileType = sourcecode.swift; path = CardMovie.swift; sourceTree = "<group>"; };
		5011CB92285BC16700F1A6B8 /* Movies.swift */ = {isa = PBXFileReference; lastKnownFileType = sourcecode.swift; path = Movies.swift; sourceTree = "<group>"; };
		5011CB94285BC42800F1A6B8 /* VMMovies.swift */ = {isa = PBXFileReference; lastKnownFileType = sourcecode.swift; path = VMMovies.swift; sourceTree = "<group>"; };
		5011CB96285BED1900F1A6B8 /* MovieDetail.swift */ = {isa = PBXFileReference; lastKnownFileType = sourcecode.swift; path = MovieDetail.swift; sourceTree = "<group>"; };
		5011CB98285D1E5C00F1A6B8 /* WebView.swift */ = {isa = PBXFileReference; lastKnownFileType = sourcecode.swift; path = WebView.swift; sourceTree = "<group>"; };
		5011CB9A285D26AF00F1A6B8 /* Loading.swift */ = {isa = PBXFileReference; lastKnownFileType = sourcecode.swift; path = Loading.swift; sourceTree = "<group>"; };
/* End PBXFileReference section */

/* Begin PBXFrameworksBuildPhase section */
		5011CB49285A5DDE00F1A6B8 /* Frameworks */ = {
			isa = PBXFrameworksBuildPhase;
			buildActionMask = 2147483647;
			files = (
			);
			runOnlyForDeploymentPostprocessing = 0;
		};
		5011CB59285A5DE000F1A6B8 /* Frameworks */ = {
			isa = PBXFrameworksBuildPhase;
			buildActionMask = 2147483647;
			files = (
			);
			runOnlyForDeploymentPostprocessing = 0;
		};
		5011CB63285A5DE000F1A6B8 /* Frameworks */ = {
			isa = PBXFrameworksBuildPhase;
			buildActionMask = 2147483647;
			files = (
			);
			runOnlyForDeploymentPostprocessing = 0;
		};
/* End PBXFrameworksBuildPhase section */

/* Begin PBXGroup section */
		5011CB43285A5DDE00F1A6B8 = {
			isa = PBXGroup;
			children = (
				5011CB4E285A5DDE00F1A6B8 /* Examen Tecnico */,
				5011CB5F285A5DE000F1A6B8 /* Examen TecnicoTests */,
				5011CB69285A5DE000F1A6B8 /* Examen TecnicoUITests */,
				5011CB4D285A5DDE00F1A6B8 /* Products */,
			);
			sourceTree = "<group>";
		};
		5011CB4D285A5DDE00F1A6B8 /* Products */ = {
			isa = PBXGroup;
			children = (
				5011CB4C285A5DDE00F1A6B8 /* Examen Tecnico.app */,
				5011CB5C285A5DE000F1A6B8 /* Examen TecnicoTests.xctest */,
				5011CB66285A5DE000F1A6B8 /* Examen TecnicoUITests.xctest */,
			);
			name = Products;
			sourceTree = "<group>";
		};
		5011CB4E285A5DDE00F1A6B8 /* Examen Tecnico */ = {
			isa = PBXGroup;
			children = (
				5011CB8F285BC13E00F1A6B8 /* Service */,
				5011CB81285A8EA700F1A6B8 /* Helpers */,
				5011CB7A285A5E4100F1A6B8 /* Model */,
				5011CB79285A5E3900F1A6B8 /* Views */,
				5011CB4F285A5DDE00F1A6B8 /* Examen_TecnicoApp.swift */,
				5011CB51285A5DDE00F1A6B8 /* ContentView.swift */,
				5011CB53285A5DE000F1A6B8 /* Assets.xcassets */,
				5011CB55285A5DE000F1A6B8 /* Preview Content */,
			);
			path = "Examen Tecnico";
			sourceTree = "<group>";
		};
		5011CB55285A5DE000F1A6B8 /* Preview Content */ = {
			isa = PBXGroup;
			children = (
				5011CB56285A5DE000F1A6B8 /* Preview Assets.xcassets */,
			);
			path = "Preview Content";
			sourceTree = "<group>";
		};
		5011CB5F285A5DE000F1A6B8 /* Examen TecnicoTests */ = {
			isa = PBXGroup;
			children = (
				5011CB60285A5DE000F1A6B8 /* Examen_TecnicoTests.swift */,
			);
			path = "Examen TecnicoTests";
			sourceTree = "<group>";
		};
		5011CB69285A5DE000F1A6B8 /* Examen TecnicoUITests */ = {
			isa = PBXGroup;
			children = (
				5011CB6A285A5DE000F1A6B8 /* Examen_TecnicoUITests.swift */,
				5011CB6C285A5DE000F1A6B8 /* Examen_TecnicoUITestsLaunchTests.swift */,
			);
			path = "Examen TecnicoUITests";
			sourceTree = "<group>";
		};
		5011CB79285A5E3900F1A6B8 /* Views */ = {
			isa = PBXGroup;
			children = (
				5011CB8C285BBD7700F1A6B8 /* Details */,
				5011CB7B285A5E4C00F1A6B8 /* Login.swift */,
				5011CB7F285A650000F1A6B8 /* Home.swift */,
				5011CB98285D1E5C00F1A6B8 /* WebView.swift */,
			);
			path = Views;
			sourceTree = "<group>";
		};
		5011CB7A285A5E4100F1A6B8 /* Model */ = {
			isa = PBXGroup;
			children = (
				5011CB7D285A60EA00F1A6B8 /* VMUser.swift */,
				5011CB87285A9E7000F1A6B8 /* VMGeneric.swift */,
				5011CB94285BC42800F1A6B8 /* VMMovies.swift */,
			);
			path = Model;
			sourceTree = "<group>";
		};
		5011CB81285A8EA700F1A6B8 /* Helpers */ = {
			isa = PBXGroup;
			children = (
				5011CB89285AA28800F1A6B8 /* Extencions */,
				5011CB86285A942400F1A6B8 /* Alerts */,
				5011CB82285A8EEC00F1A6B8 /* Settings.swift */,
			);
			path = Helpers;
			sourceTree = "<group>";
		};
		5011CB86285A942400F1A6B8 /* Alerts */ = {
			isa = PBXGroup;
			children = (
				5011CB84285A941D00F1A6B8 /* AlertLogin.swift */,
			);
			path = Alerts;
			sourceTree = "<group>";
		};
		5011CB89285AA28800F1A6B8 /* Extencions */ = {
			isa = PBXGroup;
			children = (
				5011CB8A285AA2A100F1A6B8 /* UINavigation.swift */,
			);
			path = Extencions;
			sourceTree = "<group>";
		};
		5011CB8C285BBD7700F1A6B8 /* Details */ = {
			isa = PBXGroup;
			children = (
				5011CB96285BED1900F1A6B8 /* MovieDetail.swift */,
				5011CB8D285BBD9600F1A6B8 /* CardMovie.swift */,
				5011CB9A285D26AF00F1A6B8 /* Loading.swift */,
			);
			path = Details;
			sourceTree = "<group>";
		};
		5011CB8F285BC13E00F1A6B8 /* Service */ = {
			isa = PBXGroup;
			children = (
				5011CB92285BC16700F1A6B8 /* Movies.swift */,
			);
			path = Service;
			sourceTree = "<group>";
		};
/* End PBXGroup section */

/* Begin PBXNativeTarget section */
		5011CB4B285A5DDE00F1A6B8 /* Examen Tecnico */ = {
			isa = PBXNativeTarget;
			buildConfigurationList = 5011CB70285A5DE000F1A6B8 /* Build configuration list for PBXNativeTarget "Examen Tecnico" */;
			buildPhases = (
				5011CB48285A5DDE00F1A6B8 /* Sources */,
				5011CB49285A5DDE00F1A6B8 /* Frameworks */,
				5011CB4A285A5DDE00F1A6B8 /* Resources */,
			);
			buildRules = (
			);
			dependencies = (
			);
			name = "Examen Tecnico";
			productName = "Examen Tecnico";
			productReference = 5011CB4C285A5DDE00F1A6B8 /* Examen Tecnico.app */;
			productType = "com.apple.product-type.application";
		};
		5011CB5B285A5DE000F1A6B8 /* Examen TecnicoTests */ = {
			isa = PBXNativeTarget;
			buildConfigurationList = 5011CB73285A5DE000F1A6B8 /* Build configuration list for PBXNativeTarget "Examen TecnicoTests" */;
			buildPhases = (
				5011CB58285A5DE000F1A6B8 /* Sources */,
				5011CB59285A5DE000F1A6B8 /* Frameworks */,
				5011CB5A285A5DE000F1A6B8 /* Resources */,
			);
			buildRules = (
			);
			dependencies = (
				5011CB5E285A5DE000F1A6B8 /* PBXTargetDependency */,
			);
			name = "Examen TecnicoTests";
			productName = "Examen TecnicoTests";
			productReference = 5011CB5C285A5DE000F1A6B8 /* Examen TecnicoTests.xctest */;
			productType = "com.apple.product-type.bundle.unit-test";
		};
		5011CB65285A5DE000F1A6B8 /* Examen TecnicoUITests */ = {
			isa = PBXNativeTarget;
			buildConfigurationList = 5011CB76285A5DE000F1A6B8 /* Build configuration list for PBXNativeTarget "Examen TecnicoUITests" */;
			buildPhases = (
				5011CB62285A5DE000F1A6B8 /* Sources */,
				5011CB63285A5DE000F1A6B8 /* Frameworks */,
				5011CB64285A5DE000F1A6B8 /* Resources */,
			);
			buildRules = (
			);
			dependencies = (
				5011CB68285A5DE000F1A6B8 /* PBXTargetDependency */,
			);
			name = "Examen TecnicoUITests";
			productName = "Examen TecnicoUITests";
			productReference = 5011CB66285A5DE000F1A6B8 /* Examen TecnicoUITests.xctest */;
			productType = "com.apple.product-type.bundle.ui-testing";
		};
/* End PBXNativeTarget section */

/* Begin PBXProject section */
		5011CB44285A5DDE00F1A6B8 /* Project object */ = {
			isa = PBXProject;
			attributes = {
				BuildIndependentTargetsInParallel = 1;
				LastSwiftUpdateCheck = 1320;
				LastUpgradeCheck = 1320;
				TargetAttributes = {
					5011CB4B285A5DDE00F1A6B8 = {
						CreatedOnToolsVersion = 13.2.1;
					};
					5011CB5B285A5DE000F1A6B8 = {
						CreatedOnToolsVersion = 13.2.1;
						TestTargetID = 5011CB4B285A5DDE00F1A6B8;
					};
					5011CB65285A5DE000F1A6B8 = {
						CreatedOnToolsVersion = 13.2.1;
						TestTargetID = 5011CB4B285A5DDE00F1A6B8;
					};
				};
			};
			buildConfigurationList = 5011CB47285A5DDE00F1A6B8 /* Build configuration list for PBXProject "Examen Tecnico" */;
			compatibilityVersion = "Xcode 13.0";
			developmentRegion = en;
			hasScannedForEncodings = 0;
			knownRegions = (
				en,
				Base,
			);
			mainGroup = 5011CB43285A5DDE00F1A6B8;
			productRefGroup = 5011CB4D285A5DDE00F1A6B8 /* Products */;
			projectDirPath = "";
			projectRoot = "";
			targets = (
				5011CB4B285A5DDE00F1A6B8 /* Examen Tecnico */,
				5011CB5B285A5DE000F1A6B8 /* Examen TecnicoTests */,
				5011CB65285A5DE000F1A6B8 /* Examen TecnicoUITests */,
			);
		};
/* End PBXProject section */

/* Begin PBXResourcesBuildPhase section */
		5011CB4A285A5DDE00F1A6B8 /* Resources */ = {
			isa = PBXResourcesBuildPhase;
			buildActionMask = 2147483647;
			files = (
				5011CB57285A5DE000F1A6B8 /* Preview Assets.xcassets in Resources */,
				5011CB54285A5DE000F1A6B8 /* Assets.xcassets in Resources */,
			);
			runOnlyForDeploymentPostprocessing = 0;
		};
		5011CB5A285A5DE000F1A6B8 /* Resources */ = {
			isa = PBXResourcesBuildPhase;
			buildActionMask = 2147483647;
			files = (
			);
			runOnlyForDeploymentPostprocessing = 0;
		};
		5011CB64285A5DE000F1A6B8 /* Resources */ = {
			isa = PBXResourcesBuildPhase;
			buildActionMask = 2147483647;
			files = (
			);
			runOnlyForDeploymentPostprocessing = 0;
		};
/* End PBXResourcesBuildPhase section */

/* Begin PBXSourcesBuildPhase section */
		5011CB48285A5DDE00F1A6B8 /* Sources */ = {
			isa = PBXSourcesBuildPhase;
			buildActionMask = 2147483647;
			files = (
				5011CB83285A8EEC00F1A6B8 /* Settings.swift in Sources */,
				5011CB93285BC16700F1A6B8 /* Movies.swift in Sources */,
				5011CB8B285AA2A100F1A6B8 /* UINavigation.swift in Sources */,
				5011CB7C285A5E4C00F1A6B8 /* Login.swift in Sources */,
				5011CB88285A9E7000F1A6B8 /* VMGeneric.swift in Sources */,
				5011CB7E285A60EA00F1A6B8 /* VMUser.swift in Sources */,
				5011CB80285A650000F1A6B8 /* Home.swift in Sources */,
				5011CB9B285D26AF00F1A6B8 /* Loading.swift in Sources */,
				5011CB8E285BBD9600F1A6B8 /* CardMovie.swift in Sources */,
				5011CB97285BED1900F1A6B8 /* MovieDetail.swift in Sources */,
				5011CB52285A5DDE00F1A6B8 /* ContentView.swift in Sources */,
				5011CB85285A941D00F1A6B8 /* AlertLogin.swift in Sources */,
				5011CB50285A5DDE00F1A6B8 /* Examen_TecnicoApp.swift in Sources */,
				5011CB95285BC42800F1A6B8 /* VMMovies.swift in Sources */,
				5011CB99285D1E5C00F1A6B8 /* WebView.swift in Sources */,
			);
			runOnlyForDeploymentPostprocessing = 0;
		};
		5011CB58285A5DE000F1A6B8 /* Sources */ = {
			isa = PBXSourcesBuildPhase;
			buildActionMask = 2147483647;
			files = (
				5011CB61285A5DE000F1A6B8 /* Examen_TecnicoTests.swift in Sources */,
			);
			runOnlyForDeploymentPostprocessing = 0;
		};
		5011CB62285A5DE000F1A6B8 /* Sources */ = {
			isa = PBXSourcesBuildPhase;
			buildActionMask = 2147483647;
			files = (
				5011CB6D285A5DE000F1A6B8 /* Examen_TecnicoUITestsLaunchTests.swift in Sources */,
				5011CB6B285A5DE000F1A6B8 /* Examen_TecnicoUITests.swift in Sources */,
			);
			runOnlyForDeploymentPostprocessing = 0;
		};
/* End PBXSourcesBuildPhase section */

/* Begin PBXTargetDependency section */
		5011CB5E285A5DE000F1A6B8 /* PBXTargetDependency */ = {
			isa = PBXTargetDependency;
			target = 5011CB4B285A5DDE00F1A6B8 /* Examen Tecnico */;
			targetProxy = 5011CB5D285A5DE000F1A6B8 /* PBXContainerItemProxy */;
		};
		5011CB68285A5DE000F1A6B8 /* PBXTargetDependency */ = {
			isa = PBXTargetDependency;
			target = 5011CB4B285A5DDE00F1A6B8 /* Examen Tecnico */;
			targetProxy = 5011CB67285A5DE000F1A6B8 /* PBXContainerItemProxy */;
		};
/* End PBXTargetDependency section */

/* Begin XCBuildConfiguration section */
		5011CB6E285A5DE000F1A6B8 /* Debug */ = {
			isa = XCBuildConfiguration;
			buildSettings = {
				ALWAYS_SEARCH_USER_PATHS = NO;
				CLANG_ANALYZER_NONNULL = YES;
				CLANG_ANALYZER_NUMBER_OBJECT_CONVERSION = YES_AGGRESSIVE;
				CLANG_CXX_LANGUAGE_STANDARD = "gnu++17";
				CLANG_CXX_LIBRARY = "libc++";
				CLANG_ENABLE_MODULES = YES;
				CLANG_ENABLE_OBJC_ARC = YES;
				CLANG_ENABLE_OBJC_WEAK = YES;
				CLANG_WARN_BLOCK_CAPTURE_AUTORELEASING = YES;
				CLANG_WARN_BOOL_CONVERSION = YES;
				CLANG_WARN_COMMA = YES;
				CLANG_WARN_CONSTANT_CONVERSION = YES;
				CLANG_WARN_DEPRECATED_OBJC_IMPLEMENTATIONS = YES;
				CLANG_WARN_DIRECT_OBJC_ISA_USAGE = YES_ERROR;
				CLANG_WARN_DOCUMENTATION_COMMENTS = YES;
				CLANG_WARN_EMPTY_BODY = YES;
				CLANG_WARN_ENUM_CONVERSION = YES;
				CLANG_WARN_INFINITE_RECURSION = YES;
				CLANG_WARN_INT_CONVERSION = YES;
				CLANG_WARN_NON_LITERAL_NULL_CONVERSION = YES;
				CLANG_WARN_OBJC_IMPLICIT_RETAIN_SELF = YES;
				CLANG_WARN_OBJC_LITERAL_CONVERSION = YES;
				CLANG_WARN_OBJC_ROOT_CLASS = YES_ERROR;
				CLANG_WARN_QUOTED_INCLUDE_IN_FRAMEWORK_HEADER = YES;
				CLANG_WARN_RANGE_LOOP_ANALYSIS = YES;
				CLANG_WARN_STRICT_PROTOTYPES = YES;
				CLANG_WARN_SUSPICIOUS_MOVE = YES;
				CLANG_WARN_UNGUARDED_AVAILABILITY = YES_AGGRESSIVE;
				CLANG_WARN_UNREACHABLE_CODE = YES;
				CLANG_WARN__DUPLICATE_METHOD_MATCH = YES;
				COPY_PHASE_STRIP = NO;
				DEBUG_INFORMATION_FORMAT = dwarf;
				ENABLE_STRICT_OBJC_MSGSEND = YES;
				ENABLE_TESTABILITY = YES;
				GCC_C_LANGUAGE_STANDARD = gnu11;
				GCC_DYNAMIC_NO_PIC = NO;
				GCC_NO_COMMON_BLOCKS = YES;
				GCC_OPTIMIZATION_LEVEL = 0;
				GCC_PREPROCESSOR_DEFINITIONS = (
					"DEBUG=1",
					"$(inherited)",
				);
				GCC_WARN_64_TO_32_BIT_CONVERSION = YES;
				GCC_WARN_ABOUT_RETURN_TYPE = YES_ERROR;
				GCC_WARN_UNDECLARED_SELECTOR = YES;
				GCC_WARN_UNINITIALIZED_AUTOS = YES_AGGRESSIVE;
				GCC_WARN_UNUSED_FUNCTION = YES;
				GCC_WARN_UNUSED_VARIABLE = YES;
				IPHONEOS_DEPLOYMENT_TARGET = 15.2;
				MTL_ENABLE_DEBUG_INFO = INCLUDE_SOURCE;
				MTL_FAST_MATH = YES;
				ONLY_ACTIVE_ARCH = YES;
				SDKROOT = iphoneos;
				SWIFT_ACTIVE_COMPILATION_CONDITIONS = DEBUG;
				SWIFT_OPTIMIZATION_LEVEL = "-Onone";
			};
			name = Debug;
		};
		5011CB6F285A5DE000F1A6B8 /* Release */ = {
			isa = XCBuildConfiguration;
			buildSettings = {
				ALWAYS_SEARCH_USER_PATHS = NO;
				CLANG_ANALYZER_NONNULL = YES;
				CLANG_ANALYZER_NUMBER_OBJECT_CONVERSION = YES_AGGRESSIVE;
				CLANG_CXX_LANGUAGE_STANDARD = "gnu++17";
				CLANG_CXX_LIBRARY = "libc++";
				CLANG_ENABLE_MODULES = YES;
				CLANG_ENABLE_OBJC_ARC = YES;
				CLANG_ENABLE_OBJC_WEAK = YES;
				CLANG_WARN_BLOCK_CAPTURE_AUTORELEASING = YES;
				CLANG_WARN_BOOL_CONVERSION = YES;
				CLANG_WARN_COMMA = YES;
				CLANG_WARN_CONSTANT_CONVERSION = YES;
				CLANG_WARN_DEPRECATED_OBJC_IMPLEMENTATIONS = YES;
				CLANG_WARN_DIRECT_OBJC_ISA_USAGE = YES_ERROR;
				CLANG_WARN_DOCUMENTATION_COMMENTS = YES;
				CLANG_WARN_EMPTY_BODY = YES;
				CLANG_WARN_ENUM_CONVERSION = YES;
				CLANG_WARN_INFINITE_RECURSION = YES;
				CLANG_WARN_INT_CONVERSION = YES;
				CLANG_WARN_NON_LITERAL_NULL_CONVERSION = YES;
				CLANG_WARN_OBJC_IMPLICIT_RETAIN_SELF = YES;
				CLANG_WARN_OBJC_LITERAL_CONVERSION = YES;
				CLANG_WARN_OBJC_ROOT_CLASS = YES_ERROR;
				CLANG_WARN_QUOTED_INCLUDE_IN_FRAMEWORK_HEADER = YES;
				CLANG_WARN_RANGE_LOOP_ANALYSIS = YES;
				CLANG_WARN_STRICT_PROTOTYPES = YES;
				CLANG_WARN_SUSPICIOUS_MOVE = YES;
				CLANG_WARN_UNGUARDED_AVAILABILITY = YES_AGGRESSIVE;
				CLANG_WARN_UNREACHABLE_CODE = YES;
				CLANG_WARN__DUPLICATE_METHOD_MATCH = YES;
				COPY_PHASE_STRIP = NO;
				DEBUG_INFORMATION_FORMAT = "dwarf-with-dsym";
				ENABLE_NS_ASSERTIONS = NO;
				ENABLE_STRICT_OBJC_MSGSEND = YES;
				GCC_C_LANGUAGE_STANDARD = gnu11;
				GCC_NO_COMMON_BLOCKS = YES;
				GCC_WARN_64_TO_32_BIT_CONVERSION = YES;
				GCC_WARN_ABOUT_RETURN_TYPE = YES_ERROR;
				GCC_WARN_UNDECLARED_SELECTOR = YES;
				GCC_WARN_UNINITIALIZED_AUTOS = YES_AGGRESSIVE;
				GCC_WARN_UNUSED_FUNCTION = YES;
				GCC_WARN_UNUSED_VARIABLE = YES;
				IPHONEOS_DEPLOYMENT_TARGET = 15.2;
				MTL_ENABLE_DEBUG_INFO = NO;
				MTL_FAST_MATH = YES;
				SDKROOT = iphoneos;
				SWIFT_COMPILATION_MODE = wholemodule;
				SWIFT_OPTIMIZATION_LEVEL = "-O";
				VALIDATE_PRODUCT = YES;
			};
			name = Release;
		};
		5011CB71285A5DE000F1A6B8 /* Debug */ = {
			isa = XCBuildConfiguration;
			buildSettings = {
				ASSETCATALOG_COMPILER_APPICON_NAME = AppIcon;
				ASSETCATALOG_COMPILER_GLOBAL_ACCENT_COLOR_NAME = AccentColor;
				CODE_SIGN_STYLE = Automatic;
				CURRENT_PROJECT_VERSION = 1;
				DEVELOPMENT_ASSET_PATHS = "\"Examen Tecnico/Preview Content\"";
				DEVELOPMENT_TEAM = 644AA9MVKP;
				ENABLE_PREVIEWS = YES;
				GENERATE_INFOPLIST_FILE = YES;
				INFOPLIST_KEY_UIApplicationSceneManifest_Generation = YES;
				INFOPLIST_KEY_UIApplicationSupportsIndirectInputEvents = YES;
				INFOPLIST_KEY_UILaunchScreen_Generation = YES;
				INFOPLIST_KEY_UISupportedInterfaceOrientations_iPad = "UIInterfaceOrientationPortrait UIInterfaceOrientationPortraitUpsideDown UIInterfaceOrientationLandscapeLeft UIInterfaceOrientationLandscapeRight";
				INFOPLIST_KEY_UISupportedInterfaceOrientations_iPhone = "UIInterfaceOrientationPortrait UIInterfaceOrientationLandscapeLeft UIInterfaceOrientationLandscapeRight";
				LD_RUNPATH_SEARCH_PATHS = (
					"$(inherited)",
					"@executable_path/Frameworks",
				);
				MARKETING_VERSION = 1.0;
				PRODUCT_BUNDLE_IDENTIFIER = "alejandro.villordo.Examen-Tecnico";
				PRODUCT_NAME = "$(TARGET_NAME)";
				SWIFT_EMIT_LOC_STRINGS = YES;
				SWIFT_VERSION = 5.0;
				TARGETED_DEVICE_FAMILY = "1,2";
			};
			name = Debug;
		};
		5011CB72285A5DE000F1A6B8 /* Release */ = {
			isa = XCBuildConfiguration;
			buildSettings = {
				ASSETCATALOG_COMPILER_APPICON_NAME = AppIcon;
				ASSETCATALOG_COMPILER_GLOBAL_ACCENT_COLOR_NAME = AccentColor;
				CODE_SIGN_STYLE = Automatic;
				CURRENT_PROJECT_VERSION = 1;
				DEVELOPMENT_ASSET_PATHS = "\"Examen Tecnico/Preview Content\"";
				DEVELOPMENT_TEAM = 644AA9MVKP;
				ENABLE_PREVIEWS = YES;
				GENERATE_INFOPLIST_FILE = YES;
				INFOPLIST_KEY_UIApplicationSceneManifest_Generation = YES;
				INFOPLIST_KEY_UIApplicationSupportsIndirectInputEvents = YES;
				INFOPLIST_KEY_UILaunchScreen_Generation = YES;
				INFOPLIST_KEY_UISupportedInterfaceOrientations_iPad = "UIInterfaceOrientationPortrait UIInterfaceOrientationPortraitUpsideDown UIInterfaceOrientationLandscapeLeft UIInterfaceOrientationLandscapeRight";
				INFOPLIST_KEY_UISupportedInterfaceOrientations_iPhone = "UIInterfaceOrientationPortrait UIInterfaceOrientationLandscapeLeft UIInterfaceOrientationLandscapeRight";
				LD_RUNPATH_SEARCH_PATHS = (
					"$(inherited)",
					"@executable_path/Frameworks",
				);
				MARKETING_VERSION = 1.0;
				PRODUCT_BUNDLE_IDENTIFIER = "alejandro.villordo.Examen-Tecnico";
				PRODUCT_NAME = "$(TARGET_NAME)";
				SWIFT_EMIT_LOC_STRINGS = YES;
				SWIFT_VERSION = 5.0;
				TARGETED_DEVICE_FAMILY = "1,2";
			};
			name = Release;
		};
		5011CB74285A5DE000F1A6B8 /* Debug */ = {
			isa = XCBuildConfiguration;
			buildSettings = {
				ALWAYS_EMBED_SWIFT_STANDARD_LIBRARIES = YES;
				BUNDLE_LOADER = "$(TEST_HOST)";
				CODE_SIGN_STYLE = Automatic;
				CURRENT_PROJECT_VERSION = 1;
				DEVELOPMENT_TEAM = 644AA9MVKP;
				GENERATE_INFOPLIST_FILE = YES;
				IPHONEOS_DEPLOYMENT_TARGET = 15.2;
				MARKETING_VERSION = 1.0;
				PRODUCT_BUNDLE_IDENTIFIER = "alejandro.villordo.Examen-TecnicoTests";
				PRODUCT_NAME = "$(TARGET_NAME)";
				SWIFT_EMIT_LOC_STRINGS = NO;
				SWIFT_VERSION = 5.0;
				TARGETED_DEVICE_FAMILY = "1,2";
				TEST_HOST = "$(BUILT_PRODUCTS_DIR)/Examen Tecnico.app/Examen Tecnico";
			};
			name = Debug;
		};
		5011CB75285A5DE000F1A6B8 /* Release */ = {
			isa = XCBuildConfiguration;
			buildSettings = {
				ALWAYS_EMBED_SWIFT_STANDARD_LIBRARIES = YES;
				BUNDLE_LOADER = "$(TEST_HOST)";
				CODE_SIGN_STYLE = Automatic;
				CURRENT_PROJECT_VERSION = 1;
				DEVELOPMENT_TEAM = 644AA9MVKP;
				GENERATE_INFOPLIST_FILE = YES;
				IPHONEOS_DEPLOYMENT_TARGET = 15.2;
				MARKETING_VERSION = 1.0;
				PRODUCT_BUNDLE_IDENTIFIER = "alejandro.villordo.Examen-TecnicoTests";
				PRODUCT_NAME = "$(TARGET_NAME)";
				SWIFT_EMIT_LOC_STRINGS = NO;
				SWIFT_VERSION = 5.0;
				TARGETED_DEVICE_FAMILY = "1,2";
				TEST_HOST = "$(BUILT_PRODUCTS_DIR)/Examen Tecnico.app/Examen Tecnico";
			};
			name = Release;
		};
		5011CB77285A5DE000F1A6B8 /* Debug */ = {
			isa = XCBuildConfiguration;
			buildSettings = {
				ALWAYS_EMBED_SWIFT_STANDARD_LIBRARIES = YES;
				CODE_SIGN_STYLE = Automatic;
				CURRENT_PROJECT_VERSION = 1;
				DEVELOPMENT_TEAM = 644AA9MVKP;
				GENERATE_INFOPLIST_FILE = YES;
				MARKETING_VERSION = 1.0;
				PRODUCT_BUNDLE_IDENTIFIER = "alejandro.villordo.Examen-TecnicoUITests";
				PRODUCT_NAME = "$(TARGET_NAME)";
				SWIFT_EMIT_LOC_STRINGS = NO;
				SWIFT_VERSION = 5.0;
				TARGETED_DEVICE_FAMILY = "1,2";
				TEST_TARGET_NAME = "Examen Tecnico";
			};
			name = Debug;
		};
		5011CB78285A5DE000F1A6B8 /* Release */ = {
			isa = XCBuildConfiguration;
			buildSettings = {
				ALWAYS_EMBED_SWIFT_STANDARD_LIBRARIES = YES;
				CODE_SIGN_STYLE = Automatic;
				CURRENT_PROJECT_VERSION = 1;
				DEVELOPMENT_TEAM = 644AA9MVKP;
				GENERATE_INFOPLIST_FILE = YES;
				MARKETING_VERSION = 1.0;
				PRODUCT_BUNDLE_IDENTIFIER = "alejandro.villordo.Examen-TecnicoUITests";
				PRODUCT_NAME = "$(TARGET_NAME)";
				SWIFT_EMIT_LOC_STRINGS = NO;
				SWIFT_VERSION = 5.0;
				TARGETED_DEVICE_FAMILY = "1,2";
				TEST_TARGET_NAME = "Examen Tecnico";
			};
			name = Release;
		};
/* End XCBuildConfiguration section */

/* Begin XCConfigurationList section */
		5011CB47285A5DDE00F1A6B8 /* Build configuration list for PBXProject "Examen Tecnico" */ = {
			isa = XCConfigurationList;
			buildConfigurations = (
				5011CB6E285A5DE000F1A6B8 /* Debug */,
				5011CB6F285A5DE000F1A6B8 /* Release */,
			);
			defaultConfigurationIsVisible = 0;
			defaultConfigurationName = Release;
		};
		5011CB70285A5DE000F1A6B8 /* Build configuration list for PBXNativeTarget "Examen Tecnico" */ = {
			isa = XCConfigurationList;
			buildConfigurations = (
				5011CB71285A5DE000F1A6B8 /* Debug */,
				5011CB72285A5DE000F1A6B8 /* Release */,
			);
			defaultConfigurationIsVisible = 0;
			defaultConfigurationName = Release;
		};
		5011CB73285A5DE000F1A6B8 /* Build configuration list for PBXNativeTarget "Examen TecnicoTests" */ = {
			isa = XCConfigurationList;
			buildConfigurations = (
				5011CB74285A5DE000F1A6B8 /* Debug */,
				5011CB75285A5DE000F1A6B8 /* Release */,
			);
			defaultConfigurationIsVisible = 0;
			defaultConfigurationName = Release;
		};
		5011CB76285A5DE000F1A6B8 /* Build configuration list for PBXNativeTarget "Examen TecnicoUITests" */ = {
			isa = XCConfigurationList;
			buildConfigurations = (
				5011CB77285A5DE000F1A6B8 /* Debug */,
				5011CB78285A5DE000F1A6B8 /* Release */,
			);
			defaultConfigurationIsVisible = 0;
			defaultConfigurationName = Release;
		};
/* End XCConfigurationList section */
	};
	rootObject = 5011CB44285A5DDE00F1A6B8 /* Project object */;
}
